// !$*UTF8*$!
{
	archiveVersion = 1;
	classes = {
	};
	objectVersion = 51;
	objects = {

/* Begin PBXBuildFile section */
		A768E2C124DD85960056BADC /* RootWorkflow.swift in Sources */ = {isa = PBXBuildFile; fileRef = A768E2C024DD85960056BADC /* RootWorkflow.swift */; };
		A768E2C524DD86310056BADC /* GraphScreen.swift in Sources */ = {isa = PBXBuildFile; fileRef = A768E2C424DD86310056BADC /* GraphScreen.swift */; };
		A768E2C724DD895E0056BADC /* HelloWorkflow.swift in Sources */ = {isa = PBXBuildFile; fileRef = A768E2C624DD895E0056BADC /* HelloWorkflow.swift */; };
		A768E2CB24DD8A370056BADC /* HelloScreen.swift in Sources */ = {isa = PBXBuildFile; fileRef = A768E2CA24DD8A370056BADC /* HelloScreen.swift */; };
		A785968824DD83DC00377FEB /* AppDelegate.swift in Sources */ = {isa = PBXBuildFile; fileRef = A785968724DD83DC00377FEB /* AppDelegate.swift */; };
		A785968A24DD83DC00377FEB /* SceneDelegate.swift in Sources */ = {isa = PBXBuildFile; fileRef = A785968924DD83DC00377FEB /* SceneDelegate.swift */; };
		A785968C24DD83DC00377FEB /* ViewController.swift in Sources */ = {isa = PBXBuildFile; fileRef = A785968B24DD83DC00377FEB /* ViewController.swift */; };
		A785968F24DD83DC00377FEB /* Main.storyboard in Resources */ = {isa = PBXBuildFile; fileRef = A785968D24DD83DC00377FEB /* Main.storyboard */; };
		A785969124DD83DE00377FEB /* Assets.xcassets in Resources */ = {isa = PBXBuildFile; fileRef = A785969024DD83DE00377FEB /* Assets.xcassets */; };
		A785969424DD83DE00377FEB /* LaunchScreen.storyboard in Resources */ = {isa = PBXBuildFile; fileRef = A785969224DD83DE00377FEB /* LaunchScreen.storyboard */; };
		CFA7278F170A80E999AA4D6F /* Pods_SquareWorkflowDemo.framework in Frameworks */ = {isa = PBXBuildFile; fileRef = BE891CF42674FF2F1B2E9ECB /* Pods_SquareWorkflowDemo.framework */; };
/* End PBXBuildFile section */

/* Begin PBXFileReference section */
		0431A51582DE47BD25BB7158 /* Pods-SquareWorkflowDemo.release.xcconfig */ = {isa = PBXFileReference; includeInIndex = 1; lastKnownFileType = text.xcconfig; name = "Pods-SquareWorkflowDemo.release.xcconfig"; path = "Target Support Files/Pods-SquareWorkflowDemo/Pods-SquareWorkflowDemo.release.xcconfig"; sourceTree = "<group>"; };
		0FB6256A6D661ED9C8C2D505 /* Pods-SquareWorkflowDemo.debug.xcconfig */ = {isa = PBXFileReference; includeInIndex = 1; lastKnownFileType = text.xcconfig; name = "Pods-SquareWorkflowDemo.debug.xcconfig"; path = "Target Support Files/Pods-SquareWorkflowDemo/Pods-SquareWorkflowDemo.debug.xcconfig"; sourceTree = "<group>"; };
		A768E2C024DD85960056BADC /* RootWorkflow.swift */ = {isa = PBXFileReference; lastKnownFileType = sourcecode.swift; path = RootWorkflow.swift; sourceTree = "<group>"; };
		A768E2C424DD86310056BADC /* GraphScreen.swift */ = {isa = PBXFileReference; lastKnownFileType = sourcecode.swift; path = GraphScreen.swift; sourceTree = "<group>"; };
		A768E2C624DD895E0056BADC /* HelloWorkflow.swift */ = {isa = PBXFileReference; lastKnownFileType = sourcecode.swift; path = HelloWorkflow.swift; sourceTree = "<group>"; };
		A768E2CA24DD8A370056BADC /* HelloScreen.swift */ = {isa = PBXFileReference; lastKnownFileType = sourcecode.swift; path = HelloScreen.swift; sourceTree = "<group>"; };
		A785968424DD83DC00377FEB /* SquareWorkflowDemo.app */ = {isa = PBXFileReference; explicitFileType = wrapper.application; includeInIndex = 0; path = SquareWorkflowDemo.app; sourceTree = BUILT_PRODUCTS_DIR; };
		A785968724DD83DC00377FEB /* AppDelegate.swift */ = {isa = PBXFileReference; lastKnownFileType = sourcecode.swift; path = AppDelegate.swift; sourceTree = "<group>"; };
		A785968924DD83DC00377FEB /* SceneDelegate.swift */ = {isa = PBXFileReference; lastKnownFileType = sourcecode.swift; path = SceneDelegate.swift; sourceTree = "<group>"; };
		A785968B24DD83DC00377FEB /* ViewController.swift */ = {isa = PBXFileReference; lastKnownFileType = sourcecode.swift; path = ViewController.swift; sourceTree = "<group>"; };
		A785968E24DD83DC00377FEB /* Base */ = {isa = PBXFileReference; lastKnownFileType = file.storyboard; name = Base; path = Base.lproj/Main.storyboard; sourceTree = "<group>"; };
		A785969024DD83DE00377FEB /* Assets.xcassets */ = {isa = PBXFileReference; lastKnownFileType = folder.assetcatalog; path = Assets.xcassets; sourceTree = "<group>"; };
		A785969324DD83DE00377FEB /* Base */ = {isa = PBXFileReference; lastKnownFileType = file.storyboard; name = Base; path = Base.lproj/LaunchScreen.storyboard; sourceTree = "<group>"; };
		A785969524DD83DE00377FEB /* Info.plist */ = {isa = PBXFileReference; lastKnownFileType = text.plist.xml; path = Info.plist; sourceTree = "<group>"; };
		BE891CF42674FF2F1B2E9ECB /* Pods_SquareWorkflowDemo.framework */ = {isa = PBXFileReference; explicitFileType = wrapper.framework; includeInIndex = 0; path = Pods_SquareWorkflowDemo.framework; sourceTree = BUILT_PRODUCTS_DIR; };
/* End PBXFileReference section */

/* Begin PBXFrameworksBuildPhase section */
		A785968124DD83DC00377FEB /* Frameworks */ = {
			isa = PBXFrameworksBuildPhase;
			buildActionMask = 2147483647;
			files = (
				CFA7278F170A80E999AA4D6F /* Pods_SquareWorkflowDemo.framework in Frameworks */,
			);
			runOnlyForDeploymentPostprocessing = 0;
		};
/* End PBXFrameworksBuildPhase section */

/* Begin PBXGroup section */
		218BD5B9C9103698F491D4C2 /* Pods */ = {
			isa = PBXGroup;
			children = (
				0FB6256A6D661ED9C8C2D505 /* Pods-SquareWorkflowDemo.debug.xcconfig */,
				0431A51582DE47BD25BB7158 /* Pods-SquareWorkflowDemo.release.xcconfig */,
			);
			path = Pods;
			sourceTree = "<group>";
		};
		250ED03389C5B0B5E88BD4F8 /* Frameworks */ = {
			isa = PBXGroup;
			children = (
				BE891CF42674FF2F1B2E9ECB /* Pods_SquareWorkflowDemo.framework */,
			);
			name = Frameworks;
			sourceTree = "<group>";
		};
		A768E2BE24DD857A0056BADC /* Workflows */ = {
			isa = PBXGroup;
			children = (
				A768E2C024DD85960056BADC /* RootWorkflow.swift */,
				A768E2C624DD895E0056BADC /* HelloWorkflow.swift */,
			);
			path = Workflows;
			sourceTree = "<group>";
		};
		A768E2BF24DD85830056BADC /* Screens */ = {
			isa = PBXGroup;
			children = (
				A768E2C424DD86310056BADC /* GraphScreen.swift */,
				A768E2CA24DD8A370056BADC /* HelloScreen.swift */,
			);
			path = Screens;
			sourceTree = "<group>";
		};
		A785967B24DD83DC00377FEB = {
			isa = PBXGroup;
			children = (
				A785968624DD83DC00377FEB /* SquareWorkflowDemo */,
				A785968524DD83DC00377FEB /* Products */,
				218BD5B9C9103698F491D4C2 /* Pods */,
				250ED03389C5B0B5E88BD4F8 /* Frameworks */,
			);
			sourceTree = "<group>";
		};
		A785968524DD83DC00377FEB /* Products */ = {
			isa = PBXGroup;
			children = (
				A785968424DD83DC00377FEB /* SquareWorkflowDemo.app */,
			);
			name = Products;
			sourceTree = "<group>";
		};
		A785968624DD83DC00377FEB /* SquareWorkflowDemo */ = {
			isa = PBXGroup;
			children = (
				A768E2BE24DD857A0056BADC /* Workflows */,
				A768E2BF24DD85830056BADC /* Screens */,
				A785968724DD83DC00377FEB /* AppDelegate.swift */,
				A785968924DD83DC00377FEB /* SceneDelegate.swift */,
				A785968B24DD83DC00377FEB /* ViewController.swift */,
				A785968D24DD83DC00377FEB /* Main.storyboard */,
				A785969024DD83DE00377FEB /* Assets.xcassets */,
				A785969224DD83DE00377FEB /* LaunchScreen.storyboard */,
				A785969524DD83DE00377FEB /* Info.plist */,
			);
			path = SquareWorkflowDemo;
			sourceTree = "<group>";
		};
/* End PBXGroup section */

/* Begin PBXNativeTarget section */
		A785968324DD83DC00377FEB /* SquareWorkflowDemo */ = {
			isa = PBXNativeTarget;
			buildConfigurationList = A785969824DD83DE00377FEB /* Build configuration list for PBXNativeTarget "SquareWorkflowDemo" */;
			buildPhases = (
				1CE1A83DAF425B9BB6DC27D3 /* [CP] Check Pods Manifest.lock */,
				A785968024DD83DC00377FEB /* Sources */,
				A785968124DD83DC00377FEB /* Frameworks */,
				A785968224DD83DC00377FEB /* Resources */,
				66A9271D64E07814704BC531 /* [CP] Embed Pods Frameworks */,
			);
			buildRules = (
			);
			dependencies = (
			);
			name = SquareWorkflowDemo;
			productName = SquareWorkflowDemo;
			productReference = A785968424DD83DC00377FEB /* SquareWorkflowDemo.app */;
			productType = "com.apple.product-type.application";
		};
/* End PBXNativeTarget section */

/* Begin PBXProject section */
		A785967C24DD83DC00377FEB /* Project object */ = {
			isa = PBXProject;
			attributes = {
				LastSwiftUpdateCheck = 1160;
				LastUpgradeCheck = 1160;
				ORGANIZATIONNAME = "Alexandru Istrate";
				TargetAttributes = {
					A785968324DD83DC00377FEB = {
						CreatedOnToolsVersion = 11.6;
					};
				};
			};
			buildConfigurationList = A785967F24DD83DC00377FEB /* Build configuration list for PBXProject "SquareWorkflowDemo" */;
			compatibilityVersion = "Xcode 9.3";
			developmentRegion = en;
			hasScannedForEncodings = 0;
			knownRegions = (
				en,
				Base,
			);
			mainGroup = A785967B24DD83DC00377FEB;
			productRefGroup = A785968524DD83DC00377FEB /* Products */;
			projectDirPath = "";
			projectRoot = "";
			targets = (
				A785968324DD83DC00377FEB /* SquareWorkflowDemo */,
			);
		};
/* End PBXProject section */

/* Begin PBXResourcesBuildPhase section */
		A785968224DD83DC00377FEB /* Resources */ = {
			isa = PBXResourcesBuildPhase;
			buildActionMask = 2147483647;
			files = (
				A785969424DD83DE00377FEB /* LaunchScreen.storyboard in Resources */,
				A785969124DD83DE00377FEB /* Assets.xcassets in Resources */,
				A785968F24DD83DC00377FEB /* Main.storyboard in Resources */,
			);
			runOnlyForDeploymentPostprocessing = 0;
		};
/* End PBXResourcesBuildPhase section */

/* Begin PBXShellScriptBuildPhase section */
		1CE1A83DAF425B9BB6DC27D3 /* [CP] Check Pods Manifest.lock */ = {
			isa = PBXShellScriptBuildPhase;
			buildActionMask = 2147483647;
			files = (
			);
			inputFileListPaths = (
			);
			inputPaths = (
				"${PODS_PODFILE_DIR_PATH}/Podfile.lock",
				"${PODS_ROOT}/Manifest.lock",
			);
			name = "[CP] Check Pods Manifest.lock";
			outputFileListPaths = (
			);
			outputPaths = (
				"$(DERIVED_FILE_DIR)/Pods-SquareWorkflowDemo-checkManifestLockResult.txt",
			);
			runOnlyForDeploymentPostprocessing = 0;
			shellPath = /bin/sh;
			shellScript = "diff \"${PODS_PODFILE_DIR_PATH}/Podfile.lock\" \"${PODS_ROOT}/Manifest.lock\" > /dev/null\nif [ $? != 0 ] ; then\n    # print error to STDERR\n    echo \"error: The sandbox is not in sync with the Podfile.lock. Run 'pod install' or update your CocoaPods installation.\" >&2\n    exit 1\nfi\n# This output is used by Xcode 'outputs' to avoid re-running this script phase.\necho \"SUCCESS\" > \"${SCRIPT_OUTPUT_FILE_0}\"\n";
			showEnvVarsInLog = 0;
		};
		66A9271D64E07814704BC531 /* [CP] Embed Pods Frameworks */ = {
			isa = PBXShellScriptBuildPhase;
			buildActionMask = 2147483647;
			files = (
			);
			inputFileListPaths = (
				"${PODS_ROOT}/Target Support Files/Pods-SquareWorkflowDemo/Pods-SquareWorkflowDemo-frameworks-${CONFIGURATION}-input-files.xcfilelist",
			);
			name = "[CP] Embed Pods Frameworks";
			outputFileListPaths = (
				"${PODS_ROOT}/Target Support Files/Pods-SquareWorkflowDemo/Pods-SquareWorkflowDemo-frameworks-${CONFIGURATION}-output-files.xcfilelist",
			);
			runOnlyForDeploymentPostprocessing = 0;
			shellPath = /bin/sh;
			shellScript = "\"${PODS_ROOT}/Target Support Files/Pods-SquareWorkflowDemo/Pods-SquareWorkflowDemo-frameworks.sh\"\n";
			showEnvVarsInLog = 0;
		};
/* End PBXShellScriptBuildPhase section */

/* Begin PBXSourcesBuildPhase section */
		A785968024DD83DC00377FEB /* Sources */ = {
			isa = PBXSourcesBuildPhase;
			buildActionMask = 2147483647;
			files = (
				A768E2C124DD85960056BADC /* RootWorkflow.swift in Sources */,
				A768E2CB24DD8A370056BADC /* HelloScreen.swift in Sources */,
				A768E2C724DD895E0056BADC /* HelloWorkflow.swift in Sources */,
				A768E2C524DD86310056BADC /* GraphScreen.swift in Sources */,
				A785968C24DD83DC00377FEB /* ViewController.swift in Sources */,
				A785968824DD83DC00377FEB /* AppDelegate.swift in Sources */,
				A785968A24DD83DC00377FEB /* SceneDelegate.swift in Sources */,
			);
			runOnlyForDeploymentPostprocessing = 0;
		};
/* End PBXSourcesBuildPhase section */

/* Begin PBXVariantGroup section */
		A785968D24DD83DC00377FEB /* Main.storyboard */ = {
			isa = PBXVariantGroup;
			children = (
				A785968E24DD83DC00377FEB /* Base */,
			);
			name = Main.storyboard;
			sourceTree = "<group>";
		};
		A785969224DD83DE00377FEB /* LaunchScreen.storyboard */ = {
			isa = PBXVariantGroup;
			children = (
				A785969324DD83DE00377FEB /* Base */,
			);
			name = LaunchScreen.storyboard;
			sourceTree = "<group>";
		};
/* End PBXVariantGroup section */

/* Begin XCBuildConfiguration section */
		A785969624DD83DE00377FEB /* Debug */ = {
			isa = XCBuildConfiguration;
			buildSettings = {
				ALWAYS_SEARCH_USER_PATHS = NO;
				CLANG_ANALYZER_NONNULL = YES;
				CLANG_ANALYZER_NUMBER_OBJECT_CONVERSION = YES_AGGRESSIVE;
				CLANG_CXX_LANGUAGE_STANDARD = "gnu++14";
				CLANG_CXX_LIBRARY = "libc++";
				CLANG_ENABLE_MODULES = YES;
				CLANG_ENABLE_OBJC_ARC = YES;
				CLANG_ENABLE_OBJC_WEAK = YES;
				CLANG_WARN_BLOCK_CAPTURE_AUTORELEASING = YES;
				CLANG_WARN_BOOL_CONVERSION = YES;
				CLANG_WARN_COMMA = YES;
				CLANG_WARN_CONSTANT_CONVERSION = YES;
				CLANG_WARN_DEPRECATED_OBJC_IMPLEMENTATIONS = YES;
				CLANG_WARN_DIRECT_OBJC_ISA_USAGE = YES_ERROR;
				CLANG_WARN_DOCUMENTATION_COMMENTS = YES;
				CLANG_WARN_EMPTY_BODY = YES;
				CLANG_WARN_ENUM_CONVERSION = YES;
				CLANG_WARN_INFINITE_RECURSION = YES;
				CLANG_WARN_INT_CONVERSION = YES;
				CLANG_WARN_NON_LITERAL_NULL_CONVERSION = YES;
				CLANG_WARN_OBJC_IMPLICIT_RETAIN_SELF = YES;
				CLANG_WARN_OBJC_LITERAL_CONVERSION = YES;
				CLANG_WARN_OBJC_ROOT_CLASS = YES_ERROR;
				CLANG_WARN_RANGE_LOOP_ANALYSIS = YES;
				CLANG_WARN_STRICT_PROTOTYPES = YES;
				CLANG_WARN_SUSPICIOUS_MOVE = YES;
				CLANG_WARN_UNGUARDED_AVAILABILITY = YES_AGGRESSIVE;
				CLANG_WARN_UNREACHABLE_CODE = YES;
				CLANG_WARN__DUPLICATE_METHOD_MATCH = YES;
				COPY_PHASE_STRIP = NO;
				DEBUG_INFORMATION_FORMAT = dwarf;
				ENABLE_STRICT_OBJC_MSGSEND = YES;
				ENABLE_TESTABILITY = YES;
				GCC_C_LANGUAGE_STANDARD = gnu11;
				GCC_DYNAMIC_NO_PIC = NO;
				GCC_NO_COMMON_BLOCKS = YES;
				GCC_OPTIMIZATION_LEVEL = 0;
				GCC_PREPROCESSOR_DEFINITIONS = (
					"DEBUG=1",
					"$(inherited)",
				);
				GCC_WARN_64_TO_32_BIT_CONVERSION = YES;
				GCC_WARN_ABOUT_RETURN_TYPE = YES_ERROR;
				GCC_WARN_UNDECLARED_SELECTOR = YES;
				GCC_WARN_UNINITIALIZED_AUTOS = YES_AGGRESSIVE;
				GCC_WARN_UNUSED_FUNCTION = YES;
				GCC_WARN_UNUSED_VARIABLE = YES;
				IPHONEOS_DEPLOYMENT_TARGET = 13.6;
				MTL_ENABLE_DEBUG_INFO = INCLUDE_SOURCE;
				MTL_FAST_MATH = YES;
				ONLY_ACTIVE_ARCH = YES;
				SDKROOT = iphoneos;
				SWIFT_ACTIVE_COMPILATION_CONDITIONS = DEBUG;
				SWIFT_OPTIMIZATION_LEVEL = "-Onone";
			};
			name = Debug;
		};
		A785969724DD83DE00377FEB /* Release */ = {
			isa = XCBuildConfiguration;
			buildSettings = {
				ALWAYS_SEARCH_USER_PATHS = NO;
				CLANG_ANALYZER_NONNULL = YES;
				CLANG_ANALYZER_NUMBER_OBJECT_CONVERSION = YES_AGGRESSIVE;
				CLANG_CXX_LANGUAGE_STANDARD = "gnu++14";
				CLANG_CXX_LIBRARY = "libc++";
				CLANG_ENABLE_MODULES = YES;
				CLANG_ENABLE_OBJC_ARC = YES;
				CLANG_ENABLE_OBJC_WEAK = YES;
				CLANG_WARN_BLOCK_CAPTURE_AUTORELEASING = YES;
				CLANG_WARN_BOOL_CONVERSION = YES;
				CLANG_WARN_COMMA = YES;
				CLANG_WARN_CONSTANT_CONVERSION = YES;
				CLANG_WARN_DEPRECATED_OBJC_IMPLEMENTATIONS = YES;
				CLANG_WARN_DIRECT_OBJC_ISA_USAGE = YES_ERROR;
				CLANG_WARN_DOCUMENTATION_COMMENTS = YES;
				CLANG_WARN_EMPTY_BODY = YES;
				CLANG_WARN_ENUM_CONVERSION = YES;
				CLANG_WARN_INFINITE_RECURSION = YES;
				CLANG_WARN_INT_CONVERSION = YES;
				CLANG_WARN_NON_LITERAL_NULL_CONVERSION = YES;
				CLANG_WARN_OBJC_IMPLICIT_RETAIN_SELF = YES;
				CLANG_WARN_OBJC_LITERAL_CONVERSION = YES;
				CLANG_WARN_OBJC_ROOT_CLASS = YES_ERROR;
				CLANG_WARN_RANGE_LOOP_ANALYSIS = YES;
				CLANG_WARN_STRICT_PROTOTYPES = YES;
				CLANG_WARN_SUSPICIOUS_MOVE = YES;
				CLANG_WARN_UNGUARDED_AVAILABILITY = YES_AGGRESSIVE;
				CLANG_WARN_UNREACHABLE_CODE = YES;
				CLANG_WARN__DUPLICATE_METHOD_MATCH = YES;
				COPY_PHASE_STRIP = NO;
				DEBUG_INFORMATION_FORMAT = "dwarf-with-dsym";
				ENABLE_NS_ASSERTIONS = NO;
				ENABLE_STRICT_OBJC_MSGSEND = YES;
				GCC_C_LANGUAGE_STANDARD = gnu11;
				GCC_NO_COMMON_BLOCKS = YES;
				GCC_WARN_64_TO_32_BIT_CONVERSION = YES;
				GCC_WARN_ABOUT_RETURN_TYPE = YES_ERROR;
				GCC_WARN_UNDECLARED_SELECTOR = YES;
				GCC_WARN_UNINITIALIZED_AUTOS = YES_AGGRESSIVE;
				GCC_WARN_UNUSED_FUNCTION = YES;
				GCC_WARN_UNUSED_VARIABLE = YES;
				IPHONEOS_DEPLOYMENT_TARGET = 13.6;
				MTL_ENABLE_DEBUG_INFO = NO;
				MTL_FAST_MATH = YES;
				SDKROOT = iphoneos;
				SWIFT_COMPILATION_MODE = wholemodule;
				SWIFT_OPTIMIZATION_LEVEL = "-O";
				VALIDATE_PRODUCT = YES;
			};
			name = Release;
		};
		A785969924DD83DE00377FEB /* Debug */ = {
			isa = XCBuildConfiguration;
			baseConfigurationReference = 0FB6256A6D661ED9C8C2D505 /* Pods-SquareWorkflowDemo.debug.xcconfig */;
			buildSettings = {
				ASSETCATALOG_COMPILER_APPICON_NAME = AppIcon;
				CODE_SIGN_STYLE = Automatic;
				INFOPLIST_FILE = SquareWorkflowDemo/Info.plist;
				LD_RUNPATH_SEARCH_PATHS = (
					"$(inherited)",
					"@executable_path/Frameworks",
				);
				PRODUCT_BUNDLE_IDENTIFIER = com.alexandru.istrate.SquareWorkflowDemo;
				PRODUCT_NAME = "$(TARGET_NAME)";
				SWIFT_VERSION = 5.0;
				TARGETED_DEVICE_FAMILY = "1,2";
			};
			name = Debug;
		};
		A785969A24DD83DE00377FEB /* Release */ = {
			isa = XCBuildConfiguration;
			baseConfigurationReference = 0431A51582DE47BD25BB7158 /* Pods-SquareWorkflowDemo.release.xcconfig */;
			buildSettings = {
				ASSETCATALOG_COMPILER_APPICON_NAME = AppIcon;
				CODE_SIGN_STYLE = Automatic;
				INFOPLIST_FILE = SquareWorkflowDemo/Info.plist;
				LD_RUNPATH_SEARCH_PATHS = (
					"$(inherited)",
					"@executable_path/Frameworks",
				);
				PRODUCT_BUNDLE_IDENTIFIER = com.alexandru.istrate.SquareWorkflowDemo;
				PRODUCT_NAME = "$(TARGET_NAME)";
				SWIFT_VERSION = 5.0;
				TARGETED_DEVICE_FAMILY = "1,2";
			};
			name = Release;
		};
/* End XCBuildConfiguration section */

/* Begin XCConfigurationList section */
		A785967F24DD83DC00377FEB /* Build configuration list for PBXProject "SquareWorkflowDemo" */ = {
			isa = XCConfigurationList;
			buildConfigurations = (
				A785969624DD83DE00377FEB /* Debug */,
				A785969724DD83DE00377FEB /* Release */,
			);
			defaultConfigurationIsVisible = 0;
			defaultConfigurationName = Release;
		};
		A785969824DD83DE00377FEB /* Build configuration list for PBXNativeTarget "SquareWorkflowDemo" */ = {
			isa = XCConfigurationList;
			buildConfigurations = (
				A785969924DD83DE00377FEB /* Debug */,
				A785969A24DD83DE00377FEB /* Release */,
			);
			defaultConfigurationIsVisible = 0;
			defaultConfigurationName = Release;
		};
/* End XCConfigurationList section */
	};
	rootObject = A785967C24DD83DC00377FEB /* Project object */;
}
